{
  "name": "stencil",
  "version": "0.0.1",
  "lockfileVersion": 1,
  "requires": true,
  "dependencies": {
    "@stencil/core": {
      "version": "1.7.0",
      "resolved": "https://repo.dev.bankinter.bk/api/npm/npm-virtual/@stencil/core/-/core-1.7.0.tgz?dl=https://registry.npmjs.org/@stencil/core/-/core-1.7.0.tgz",
      "integrity": "sha1-8OUR61mcLdwt5g8it6eiZZOpZXM=",
      "dev": true,
      "requires": {
        "typescript": "3.6.3"
      }
    },
    "typescript": {
      "version": "3.6.3",
      "resolved": "https://repo.dev.bankinter.bk/api/npm/npm-virtual/typescript/-/typescript-3.6.3.tgz?dl=https://registry.npmjs.org/typescript/-/typescript-3.6.3.tgz",
      "integrity": "sha1-/qlC+rsg9+HKcWT/Ym8anz9wtNo=",
      "dev": true
    }
  }
}
